// !$*UTF8*$!
{
	archiveVersion = 1;
	classes = {
	};
	objectVersion = 55;
	objects = {

/* Begin PBXBuildFile section */
		CD6D8E6E27EE16BF007C0735 /* RoomLocaterApp.swift in Sources */ = {isa = PBXBuildFile; fileRef = CD6D8E6D27EE16BF007C0735 /* RoomLocaterApp.swift */; };
		CD6D8E7027EE16BF007C0735 /* ContentView.swift in Sources */ = {isa = PBXBuildFile; fileRef = CD6D8E6F27EE16BF007C0735 /* ContentView.swift */; };
		CD6D8E7227EE16C0007C0735 /* Assets.xcassets in Resources */ = {isa = PBXBuildFile; fileRef = CD6D8E7127EE16C0007C0735 /* Assets.xcassets */; };
		CD6D8E7527EE16C0007C0735 /* Preview Assets.xcassets in Resources */ = {isa = PBXBuildFile; fileRef = CD6D8E7427EE16C0007C0735 /* Preview Assets.xcassets */; };
		CD6D8E7F27EE1858007C0735 /* RoomMapView.swift in Sources */ = {isa = PBXBuildFile; fileRef = CD6D8E7E27EE1858007C0735 /* RoomMapView.swift */; };
		CD6D8E8827EE1D07007C0735 /* Room.swift in Sources */ = {isa = PBXBuildFile; fileRef = CD6D8E8727EE1D07007C0735 /* Room.swift */; };
		CD6D8E8A27EE2011007C0735 /* RoomDetailView.swift in Sources */ = {isa = PBXBuildFile; fileRef = CD6D8E8927EE2011007C0735 /* RoomDetailView.swift */; };
		CD6D8E8C27EE208D007C0735 /* roomsdatastore.swift in Sources */ = {isa = PBXBuildFile; fileRef = CD6D8E8B27EE208D007C0735 /* roomsdatastore.swift */; };
		CD6D8E8E27EF50CD007C0735 /* roomdata.json in Resources */ = {isa = PBXBuildFile; fileRef = CD6D8E8D27EF50CD007C0735 /* roomdata.json */; };
		CD6F4D2227F0FC6100E0EC65 /* RoomListView.swift in Sources */ = {isa = PBXBuildFile; fileRef = CD6F4D2127F0FC6100E0EC65 /* RoomListView.swift */; };
/* End PBXBuildFile section */

/* Begin PBXFileReference section */
		CD6D8E6A27EE16BF007C0735 /* RoomLocater.app */ = {isa = PBXFileReference; explicitFileType = wrapper.application; includeInIndex = 0; path = RoomLocater.app; sourceTree = BUILT_PRODUCTS_DIR; };
		CD6D8E6D27EE16BF007C0735 /* RoomLocaterApp.swift */ = {isa = PBXFileReference; lastKnownFileType = sourcecode.swift; path = RoomLocaterApp.swift; sourceTree = "<group>"; };
		CD6D8E6F27EE16BF007C0735 /* ContentView.swift */ = {isa = PBXFileReference; lastKnownFileType = sourcecode.swift; path = ContentView.swift; sourceTree = "<group>"; };
		CD6D8E7127EE16C0007C0735 /* Assets.xcassets */ = {isa = PBXFileReference; lastKnownFileType = folder.assetcatalog; path = Assets.xcassets; sourceTree = "<group>"; };
		CD6D8E7427EE16C0007C0735 /* Preview Assets.xcassets */ = {isa = PBXFileReference; lastKnownFileType = folder.assetcatalog; path = "Preview Assets.xcassets"; sourceTree = "<group>"; };
		CD6D8E7E27EE1858007C0735 /* RoomMapView.swift */ = {isa = PBXFileReference; lastKnownFileType = sourcecode.swift; path = RoomMapView.swift; sourceTree = "<group>"; };
		CD6D8E8727EE1D07007C0735 /* Room.swift */ = {isa = PBXFileReference; lastKnownFileType = sourcecode.swift; path = Room.swift; sourceTree = "<group>"; };
		CD6D8E8927EE2011007C0735 /* RoomDetailView.swift */ = {isa = PBXFileReference; lastKnownFileType = sourcecode.swift; path = RoomDetailView.swift; sourceTree = "<group>"; };
		CD6D8E8B27EE208D007C0735 /* roomsdatastore.swift */ = {isa = PBXFileReference; lastKnownFileType = sourcecode.swift; path = roomsdatastore.swift; sourceTree = "<group>"; };
		CD6D8E8D27EF50CD007C0735 /* roomdata.json */ = {isa = PBXFileReference; lastKnownFileType = text.json; path = roomdata.json; sourceTree = "<group>"; };
		CD6F4D2127F0FC6100E0EC65 /* RoomListView.swift */ = {isa = PBXFileReference; lastKnownFileType = sourcecode.swift; path = RoomListView.swift; sourceTree = "<group>"; };
/* End PBXFileReference section */

/* Begin PBXFrameworksBuildPhase section */
		CD6D8E6727EE16BF007C0735 /* Frameworks */ = {
			isa = PBXFrameworksBuildPhase;
			buildActionMask = 2147483647;
			files = (
			);
			runOnlyForDeploymentPostprocessing = 0;
		};
/* End PBXFrameworksBuildPhase section */

/* Begin PBXGroup section */
		CD6D8E6127EE16BF007C0735 = {
			isa = PBXGroup;
			children = (
				CD6D8E6C27EE16BF007C0735 /* RoomLocater */,
				CD6D8E6B27EE16BF007C0735 /* Products */,
			);
			sourceTree = "<group>";
		};
		CD6D8E6B27EE16BF007C0735 /* Products */ = {
			isa = PBXGroup;
			children = (
				CD6D8E6A27EE16BF007C0735 /* RoomLocater.app */,
			);
			name = Products;
			sourceTree = "<group>";
		};
		CD6D8E6C27EE16BF007C0735 /* RoomLocater */ = {
			isa = PBXGroup;
			children = (
				CD6D8E6D27EE16BF007C0735 /* RoomLocaterApp.swift */,
				CD6D8E8027EE1BCC007C0735 /* Model */,
				CD6D8E7B27EE1783007C0735 /* Views */,
				CD6D8E7127EE16C0007C0735 /* Assets.xcassets */,
				CD6D8E7327EE16C0007C0735 /* Preview Content */,
			);
			path = RoomLocater;
			sourceTree = "<group>";
		};
		CD6D8E7327EE16C0007C0735 /* Preview Content */ = {
			isa = PBXGroup;
			children = (
				CD6D8E7427EE16C0007C0735 /* Preview Assets.xcassets */,
			);
			path = "Preview Content";
			sourceTree = "<group>";
		};
		CD6D8E7B27EE1783007C0735 /* Views */ = {
			isa = PBXGroup;
			children = (
				CD6D8E7E27EE1858007C0735 /* RoomMapView.swift */,
				CD6F4D2127F0FC6100E0EC65 /* RoomListView.swift */,
				CD6D8E6F27EE16BF007C0735 /* ContentView.swift */,
				CD6D8E8927EE2011007C0735 /* RoomDetailView.swift */,
			);
			path = Views;
			sourceTree = "<group>";
		};
		CD6D8E8027EE1BCC007C0735 /* Model */ = {
			isa = PBXGroup;
			children = (
				CD6D8E8727EE1D07007C0735 /* Room.swift */,
				CD6D8E8B27EE208D007C0735 /* roomsdatastore.swift */,
				CD6D8E8D27EF50CD007C0735 /* roomdata.json */,
			);
			path = Model;
			sourceTree = "<group>";
		};
/* End PBXGroup section */

/* Begin PBXNativeTarget section */
		CD6D8E6927EE16BF007C0735 /* RoomLocater */ = {
			isa = PBXNativeTarget;
			buildConfigurationList = CD6D8E7827EE16C0007C0735 /* Build configuration list for PBXNativeTarget "RoomLocater" */;
			buildPhases = (
				CD6D8E6627EE16BF007C0735 /* Sources */,
				CD6D8E6727EE16BF007C0735 /* Frameworks */,
				CD6D8E6827EE16BF007C0735 /* Resources */,
			);
			buildRules = (
			);
			dependencies = (
			);
			name = RoomLocater;
			productName = RoomLocater;
			productReference = CD6D8E6A27EE16BF007C0735 /* RoomLocater.app */;
			productType = "com.apple.product-type.application";
		};
/* End PBXNativeTarget section */

/* Begin PBXProject section */
		CD6D8E6227EE16BF007C0735 /* Project object */ = {
			isa = PBXProject;
			attributes = {
				BuildIndependentTargetsInParallel = 1;
				LastSwiftUpdateCheck = 1330;
				LastUpgradeCheck = 1330;
				TargetAttributes = {
					CD6D8E6927EE16BF007C0735 = {
						CreatedOnToolsVersion = 13.3;
					};
				};
			};
			buildConfigurationList = CD6D8E6527EE16BF007C0735 /* Build configuration list for PBXProject "RoomLocater" */;
			compatibilityVersion = "Xcode 13.0";
			developmentRegion = en;
			hasScannedForEncodings = 0;
			knownRegions = (
				en,
				Base,
			);
			mainGroup = CD6D8E6127EE16BF007C0735;
			productRefGroup = CD6D8E6B27EE16BF007C0735 /* Products */;
			projectDirPath = "";
			projectRoot = "";
			targets = (
				CD6D8E6927EE16BF007C0735 /* RoomLocater */,
			);
		};
/* End PBXProject section */

/* Begin PBXResourcesBuildPhase section */
		CD6D8E6827EE16BF007C0735 /* Resources */ = {
			isa = PBXResourcesBuildPhase;
			buildActionMask = 2147483647;
			files = (
				CD6D8E7527EE16C0007C0735 /* Preview Assets.xcassets in Resources */,
				CD6D8E7227EE16C0007C0735 /* Assets.xcassets in Resources */,
				CD6D8E8E27EF50CD007C0735 /* roomdata.json in Resources */,
			);
			runOnlyForDeploymentPostprocessing = 0;
		};
/* End PBXResourcesBuildPhase section */

/* Begin PBXSourcesBuildPhase section */
		CD6D8E6627EE16BF007C0735 /* Sources */ = {
			isa = PBXSourcesBuildPhase;
			buildActionMask = 2147483647;
			files = (
				CD6D8E8A27EE2011007C0735 /* RoomDetailView.swift in Sources */,
				CD6F4D2227F0FC6100E0EC65 /* RoomListView.swift in Sources */,
				CD6D8E7027EE16BF007C0735 /* ContentView.swift in Sources */,
				CD6D8E8C27EE208D007C0735 /* roomsdatastore.swift in Sources */,
				CD6D8E7F27EE1858007C0735 /* RoomMapView.swift in Sources */,
				CD6D8E8827EE1D07007C0735 /* Room.swift in Sources */,
				CD6D8E6E27EE16BF007C0735 /* RoomLocaterApp.swift in Sources */,
			);
			runOnlyForDeploymentPostprocessing = 0;
		};
/* End PBXSourcesBuildPhase section */

/* Begin XCBuildConfiguration section */
		CD6D8E7627EE16C0007C0735 /* Debug */ = {
			isa = XCBuildConfiguration;
			buildSettings = {
				ALWAYS_SEARCH_USER_PATHS = NO;
				CLANG_ANALYZER_NONNULL = YES;
				CLANG_ANALYZER_NUMBER_OBJECT_CONVERSION = YES_AGGRESSIVE;
				CLANG_CXX_LANGUAGE_STANDARD = "gnu++17";
				CLANG_ENABLE_MODULES = YES;
				CLANG_ENABLE_OBJC_ARC = YES;
				CLANG_ENABLE_OBJC_WEAK = YES;
				CLANG_WARN_BLOCK_CAPTURE_AUTORELEASING = YES;
				CLANG_WARN_BOOL_CONVERSION = YES;
				CLANG_WARN_COMMA = YES;
				CLANG_WARN_CONSTANT_CONVERSION = YES;
				CLANG_WARN_DEPRECATED_OBJC_IMPLEMENTATIONS = YES;
				CLANG_WARN_DIRECT_OBJC_ISA_USAGE = YES_ERROR;
				CLANG_WARN_DOCUMENTATION_COMMENTS = YES;
				CLANG_WARN_EMPTY_BODY = YES;
				CLANG_WARN_ENUM_CONVERSION = YES;
				CLANG_WARN_INFINITE_RECURSION = YES;
				CLANG_WARN_INT_CONVERSION = YES;
				CLANG_WARN_NON_LITERAL_NULL_CONVERSION = YES;
				CLANG_WARN_OBJC_IMPLICIT_RETAIN_SELF = YES;
				CLANG_WARN_OBJC_LITERAL_CONVERSION = YES;
				CLANG_WARN_OBJC_ROOT_CLASS = YES_ERROR;
				CLANG_WARN_QUOTED_INCLUDE_IN_FRAMEWORK_HEADER = YES;
				CLANG_WARN_RANGE_LOOP_ANALYSIS = YES;
				CLANG_WARN_STRICT_PROTOTYPES = YES;
				CLANG_WARN_SUSPICIOUS_MOVE = YES;
				CLANG_WARN_UNGUARDED_AVAILABILITY = YES_AGGRESSIVE;
				CLANG_WARN_UNREACHABLE_CODE = YES;
				CLANG_WARN__DUPLICATE_METHOD_MATCH = YES;
				COPY_PHASE_STRIP = NO;
				DEBUG_INFORMATION_FORMAT = dwarf;
				ENABLE_STRICT_OBJC_MSGSEND = YES;
				ENABLE_TESTABILITY = YES;
				GCC_C_LANGUAGE_STANDARD = gnu11;
				GCC_DYNAMIC_NO_PIC = NO;
				GCC_NO_COMMON_BLOCKS = YES;
				GCC_OPTIMIZATION_LEVEL = 0;
				GCC_PREPROCESSOR_DEFINITIONS = (
					"DEBUG=1",
					"$(inherited)",
				);
				GCC_WARN_64_TO_32_BIT_CONVERSION = YES;
				GCC_WARN_ABOUT_RETURN_TYPE = YES_ERROR;
				GCC_WARN_UNDECLARED_SELECTOR = YES;
				GCC_WARN_UNINITIALIZED_AUTOS = YES_AGGRESSIVE;
				GCC_WARN_UNUSED_FUNCTION = YES;
				GCC_WARN_UNUSED_VARIABLE = YES;
				IPHONEOS_DEPLOYMENT_TARGET = 15.4;
				MTL_ENABLE_DEBUG_INFO = INCLUDE_SOURCE;
				MTL_FAST_MATH = YES;
				ONLY_ACTIVE_ARCH = YES;
				SDKROOT = iphoneos;
				SWIFT_ACTIVE_COMPILATION_CONDITIONS = DEBUG;
				SWIFT_OPTIMIZATION_LEVEL = "-Onone";
			};
			name = Debug;
		};
		CD6D8E7727EE16C0007C0735 /* Release */ = {
			isa = XCBuildConfiguration;
			buildSettings = {
				ALWAYS_SEARCH_USER_PATHS = NO;
				CLANG_ANALYZER_NONNULL = YES;
				CLANG_ANALYZER_NUMBER_OBJECT_CONVERSION = YES_AGGRESSIVE;
				CLANG_CXX_LANGUAGE_STANDARD = "gnu++17";
				CLANG_ENABLE_MODULES = YES;
				CLANG_ENABLE_OBJC_ARC = YES;
				CLANG_ENABLE_OBJC_WEAK = YES;
				CLANG_WARN_BLOCK_CAPTURE_AUTORELEASING = YES;
				CLANG_WARN_BOOL_CONVERSION = YES;
				CLANG_WARN_COMMA = YES;
				CLANG_WARN_CONSTANT_CONVERSION = YES;
				CLANG_WARN_DEPRECATED_OBJC_IMPLEMENTATIONS = YES;
				CLANG_WARN_DIRECT_OBJC_ISA_USAGE = YES_ERROR;
				CLANG_WARN_DOCUMENTATION_COMMENTS = YES;
				CLANG_WARN_EMPTY_BODY = YES;
				CLANG_WARN_ENUM_CONVERSION = YES;
				CLANG_WARN_INFINITE_RECURSION = YES;
				CLANG_WARN_INT_CONVERSION = YES;
				CLANG_WARN_NON_LITERAL_NULL_CONVERSION = YES;
				CLANG_WARN_OBJC_IMPLICIT_RETAIN_SELF = YES;
				CLANG_WARN_OBJC_LITERAL_CONVERSION = YES;
				CLANG_WARN_OBJC_ROOT_CLASS = YES_ERROR;
				CLANG_WARN_QUOTED_INCLUDE_IN_FRAMEWORK_HEADER = YES;
				CLANG_WARN_RANGE_LOOP_ANALYSIS = YES;
				CLANG_WARN_STRICT_PROTOTYPES = YES;
				CLANG_WARN_SUSPICIOUS_MOVE = YES;
				CLANG_WARN_UNGUARDED_AVAILABILITY = YES_AGGRESSIVE;
				CLANG_WARN_UNREACHABLE_CODE = YES;
				CLANG_WARN__DUPLICATE_METHOD_MATCH = YES;
				COPY_PHASE_STRIP = NO;
				DEBUG_INFORMATION_FORMAT = "dwarf-with-dsym";
				ENABLE_NS_ASSERTIONS = NO;
				ENABLE_STRICT_OBJC_MSGSEND = YES;
				GCC_C_LANGUAGE_STANDARD = gnu11;
				GCC_NO_COMMON_BLOCKS = YES;
				GCC_WARN_64_TO_32_BIT_CONVERSION = YES;
				GCC_WARN_ABOUT_RETURN_TYPE = YES_ERROR;
				GCC_WARN_UNDECLARED_SELECTOR = YES;
				GCC_WARN_UNINITIALIZED_AUTOS = YES_AGGRESSIVE;
				GCC_WARN_UNUSED_FUNCTION = YES;
				GCC_WARN_UNUSED_VARIABLE = YES;
				IPHONEOS_DEPLOYMENT_TARGET = 15.4;
				MTL_ENABLE_DEBUG_INFO = NO;
				MTL_FAST_MATH = YES;
				SDKROOT = iphoneos;
				SWIFT_COMPILATION_MODE = wholemodule;
				SWIFT_OPTIMIZATION_LEVEL = "-O";
				VALIDATE_PRODUCT = YES;
			};
			name = Release;
		};
		CD6D8E7927EE16C0007C0735 /* Debug */ = {
			isa = XCBuildConfiguration;
			buildSettings = {
				ASSETCATALOG_COMPILER_APPICON_NAME = AppIcon;
				ASSETCATALOG_COMPILER_GLOBAL_ACCENT_COLOR_NAME = AccentColor;
				CODE_SIGN_STYLE = Automatic;
				CURRENT_PROJECT_VERSION = 1;
				DEVELOPMENT_ASSET_PATHS = "\"RoomLocater/Preview Content\"";
				DEVELOPMENT_TEAM = 4X3Z79SBTY;
				ENABLE_PREVIEWS = YES;
				GENERATE_INFOPLIST_FILE = YES;
				INFOPLIST_KEY_UIApplicationSceneManifest_Generation = YES;
				INFOPLIST_KEY_UIApplicationSupportsIndirectInputEvents = YES;
				INFOPLIST_KEY_UILaunchScreen_Generation = YES;
				INFOPLIST_KEY_UISupportedInterfaceOrientations_iPad = "UIInterfaceOrientationPortrait UIInterfaceOrientationPortraitUpsideDown UIInterfaceOrientationLandscapeLeft UIInterfaceOrientationLandscapeRight";
				INFOPLIST_KEY_UISupportedInterfaceOrientations_iPhone = "UIInterfaceOrientationPortrait UIInterfaceOrientationLandscapeLeft UIInterfaceOrientationLandscapeRight";
				IPHONEOS_DEPLOYMENT_TARGET = 15.4;
				LD_RUNPATH_SEARCH_PATHS = (
					"$(inherited)",
					"@executable_path/Frameworks",
				);
				MARKETING_VERSION = 1.0;
				PRODUCT_BUNDLE_IDENTIFIER = "Moritz-Asche.RoomLocater";
				PRODUCT_NAME = "$(TARGET_NAME)";
				SWIFT_EMIT_LOC_STRINGS = YES;
				SWIFT_VERSION = 5.0;
				TARGETED_DEVICE_FAMILY = "1,2";
			};
			name = Debug;
		};
		CD6D8E7A27EE16C0007C0735 /* Release */ = {
			isa = XCBuildConfiguration;
			buildSettings = {
				ASSETCATALOG_COMPILER_APPICON_NAME = AppIcon;
				ASSETCATALOG_COMPILER_GLOBAL_ACCENT_COLOR_NAME = AccentColor;
				CODE_SIGN_STYLE = Automatic;
				CURRENT_PROJECT_VERSION = 1;
				DEVELOPMENT_ASSET_PATHS = "\"RoomLocater/Preview Content\"";
				DEVELOPMENT_TEAM = 4X3Z79SBTY;
				ENABLE_PREVIEWS = YES;
				GENERATE_INFOPLIST_FILE = YES;
				INFOPLIST_KEY_UIApplicationSceneManifest_Generation = YES;
				INFOPLIST_KEY_UIApplicationSupportsIndirectInputEvents = YES;
				INFOPLIST_KEY_UILaunchScreen_Generation = YES;
				INFOPLIST_KEY_UISupportedInterfaceOrientations_iPad = "UIInterfaceOrientationPortrait UIInterfaceOrientationPortraitUpsideDown UIInterfaceOrientationLandscapeLeft UIInterfaceOrientationLandscapeRight";
				INFOPLIST_KEY_UISupportedInterfaceOrientations_iPhone = "UIInterfaceOrientationPortrait UIInterfaceOrientationLandscapeLeft UIInterfaceOrientationLandscapeRight";
				IPHONEOS_DEPLOYMENT_TARGET = 15.4;
				LD_RUNPATH_SEARCH_PATHS = (
					"$(inherited)",
					"@executable_path/Frameworks",
				);
				MARKETING_VERSION = 1.0;
				PRODUCT_BUNDLE_IDENTIFIER = "Moritz-Asche.RoomLocater";
				PRODUCT_NAME = "$(TARGET_NAME)";
				SWIFT_EMIT_LOC_STRINGS = YES;
				SWIFT_VERSION = 5.0;
				TARGETED_DEVICE_FAMILY = "1,2";
			};
			name = Release;
		};
/* End XCBuildConfiguration section */

/* Begin XCConfigurationList section */
		CD6D8E6527EE16BF007C0735 /* Build configuration list for PBXProject "RoomLocater" */ = {
			isa = XCConfigurationList;
			buildConfigurations = (
				CD6D8E7627EE16C0007C0735 /* Debug */,
				CD6D8E7727EE16C0007C0735 /* Release */,
			);
			defaultConfigurationIsVisible = 0;
			defaultConfigurationName = Release;
		};
		CD6D8E7827EE16C0007C0735 /* Build configuration list for PBXNativeTarget "RoomLocater" */ = {
			isa = XCConfigurationList;
			buildConfigurations = (
				CD6D8E7927EE16C0007C0735 /* Debug */,
				CD6D8E7A27EE16C0007C0735 /* Release */,
			);
			defaultConfigurationIsVisible = 0;
			defaultConfigurationName = Release;
		};
/* End XCConfigurationList section */
	};
	rootObject = CD6D8E6227EE16BF007C0735 /* Project object */;
}
